
Microsoft Visual Studio Solution File, Format Version 12.00
# Visual Studio Version 17
Project("{8BC9CEB8-8B4A-11D0-8D11-00A0C91BC942}") = "ALL_BUILD", "ALL_BUILD.vcxproj", "{19BE1E0A-EEA2-32D3-A606-DD94C5E82FDB}"
	ProjectSection(ProjectDependencies) = postProject
		{202ABDA0-638A-301B-962F-ACD482489EE2} = {202ABDA0-638A-301B-962F-ACD482489EE2}
		{A6D87615-47D9-3568-B911-0C1CF2BD5574} = {A6D87615-47D9-3568-B911-0C1CF2BD5574}
		{1216D438-63A6-3816-9BD7-8B3DC7C72C6E} = {1216D438-63A6-3816-9BD7-8B3DC7C72C6E}
		{C6760795-C5E5-35E4-B9D1-59892273A99A} = {C6760795-C5E5-35E4-B9D1-59892273A99A}
		{C16A7FD4-A7DF-3A79-A7DB-46A5CE3F3714} = {C16A7FD4-A7DF-3A79-A7DB-46A5CE3F3714}
		{0B9FF871-F152-3B64-9215-2E7DD31A3F7A} = {0B9FF871-F152-3B64-9215-2E7DD31A3F7A}
		{5F0075D5-1723-3515-B748-6A95294F2F90} = {5F0075D5-1723-3515-B748-6A95294F2F90}
		{D4749EE7-076C-3C0C-AC01-19F1102FD059} = {D4749EE7-076C-3C0C-AC01-19F1102FD059}
		{E812BB17-85E8-347D-A696-9B0F3B95E67D} = {E812BB17-85E8-347D-A696-9B0F3B95E67D}
		{FD044539-175F-3EC2-813C-C6498A3F01B6} = {FD044539-175F-3EC2-813C-C6498A3F01B6}
		{DAB958C4-843D-3ED8-8520-41F8168DCEC9} = {DAB958C4-843D-3ED8-8520-41F8168DCEC9}
		{4FABE6E0-6264-38E1-BD00-3A6BB5794B08} = {4FABE6E0-6264-38E1-BD00-3A6BB5794B08}
	EndProjectSection
EndProject
Project("{8BC9CEB8-8B4A-11D0-8D11-00A0C91BC942}") = "ZERO_CHECK", "ZERO_CHECK.vcxproj", "{202ABDA0-638A-301B-962F-ACD482489EE2}"
	ProjectSection(ProjectDependencies) = postProject
	EndProjectSection
EndProject
Project("{8BC9CEB8-8B4A-11D0-8D11-00A0C91BC942}") = "argon2", "src\3rdparty\argon2\argon2.vcxproj", "{A6D87615-47D9-3568-B911-0C1CF2BD5574}"
	ProjectSection(ProjectDependencies) = postProject
		{202ABDA0-638A-301B-962F-ACD482489EE2} = {202ABDA0-638A-301B-962F-ACD482489EE2}
		{1216D438-63A6-3816-9BD7-8B3DC7C72C6E} = {1216D438-63A6-3816-9BD7-8B3DC7C72C6E}
		{C6760795-C5E5-35E4-B9D1-59892273A99A} = {C6760795-C5E5-35E4-B9D1-59892273A99A}
		{C16A7FD4-A7DF-3A79-A7DB-46A5CE3F3714} = {C16A7FD4-A7DF-3A79-A7DB-46A5CE3F3714}
		{0B9FF871-F152-3B64-9215-2E7DD31A3F7A} = {0B9FF871-F152-3B64-9215-2E7DD31A3F7A}
		{5F0075D5-1723-3515-B748-6A95294F2F90} = {5F0075D5-1723-3515-B748-6A95294F2F90}
	EndProjectSection
EndProject
Project("{8BC9CEB8-8B4A-11D0-8D11-00A0C91BC942}") = "argon2-avx2", "src\3rdparty\argon2\argon2-avx2.vcxproj", "{1216D438-63A6-3816-9BD7-8B3DC7C72C6E}"
	ProjectSection(ProjectDependencies) = postProject
		{202ABDA0-638A-301B-962F-ACD482489EE2} = {202ABDA0-638A-301B-962F-ACD482489EE2}
	EndProjectSection
EndProject
Project("{8BC9CEB8-8B4A-11D0-8D11-00A0C91BC942}") = "argon2-avx512f", "src\3rdparty\argon2\argon2-avx512f.vcxproj", "{C6760795-C5E5-35E4-B9D1-59892273A99A}"
	ProjectSection(ProjectDependencies) = postProject
		{202ABDA0-638A-301B-962F-ACD482489EE2} = {202ABDA0-638A-301B-962F-ACD482489EE2}
	EndProjectSection
EndProject
Project("{8BC9CEB8-8B4A-11D0-8D11-00A0C91BC942}") = "argon2-sse2", "src\3rdparty\argon2\argon2-sse2.vcxproj", "{C16A7FD4-A7DF-3A79-A7DB-46A5CE3F3714}"
	ProjectSection(ProjectDependencies) = postProject
		{202ABDA0-638A-301B-962F-ACD482489EE2} = {202ABDA0-638A-301B-962F-ACD482489EE2}
	EndProjectSection
EndProject
Project("{8BC9CEB8-8B4A-11D0-8D11-00A0C91BC942}") = "argon2-ssse3", "src\3rdparty\argon2\argon2-ssse3.vcxproj", "{0B9FF871-F152-3B64-9215-2E7DD31A3F7A}"
	ProjectSection(ProjectDependencies) = postProject
		{202ABDA0-638A-301B-962F-ACD482489EE2} = {202ABDA0-638A-301B-962F-ACD482489EE2}
	EndProjectSection
EndProject
Project("{8BC9CEB8-8B4A-11D0-8D11-00A0C91BC942}") = "argon2-xop", "src\3rdparty\argon2\argon2-xop.vcxproj", "{5F0075D5-1723-3515-B748-6A95294F2F90}"
	ProjectSection(ProjectDependencies) = postProject
		{202ABDA0-638A-301B-962F-ACD482489EE2} = {202ABDA0-638A-301B-962F-ACD482489EE2}
	EndProjectSection
EndProject
Project("{8BC9CEB8-8B4A-11D0-8D11-00A0C91BC942}") = "ethash", "src\3rdparty\libethash\ethash.vcxproj", "{D4749EE7-076C-3C0C-AC01-19F1102FD059}"
	ProjectSection(ProjectDependencies) = postProject
		{202ABDA0-638A-301B-962F-ACD482489EE2} = {202ABDA0-638A-301B-962F-ACD482489EE2}
	EndProjectSection
EndProject
Project("{8BC9CEB8-8B4A-11D0-8D11-00A0C91BC942}") = "ghostrider", "src\crypto\ghostrider\ghostrider.vcxproj", "{E812BB17-85E8-347D-A696-9B0F3B95E67D}"
	ProjectSection(ProjectDependencies) = postProject
		{202ABDA0-638A-301B-962F-ACD482489EE2} = {202ABDA0-638A-301B-962F-ACD482489EE2}
	EndProjectSection
EndProject
Project("{8BC9CEB8-8B4A-11D0-8D11-00A0C91BC942}") = "hwloc", "src\3rdparty\hwloc\hwloc.vcxproj", "{FD044539-175F-3EC2-813C-C6498A3F01B6}"
	ProjectSection(ProjectDependencies) = postProject
		{202ABDA0-638A-301B-962F-ACD482489EE2} = {202ABDA0-638A-301B-962F-ACD482489EE2}
	EndProjectSection
EndProject
Project("{8BC9CEB8-8B4A-11D0-8D11-00A0C91BC942}") = "xmrig", "xmrig.vcxproj", "{DAB958C4-843D-3ED8-8520-41F8168DCEC9}"
	ProjectSection(ProjectDependencies) = postProject
		{202ABDA0-638A-301B-962F-ACD482489EE2} = {202ABDA0-638A-301B-962F-ACD482489EE2}
		{A6D87615-47D9-3568-B911-0C1CF2BD5574} = {A6D87615-47D9-3568-B911-0C1CF2BD5574}
		{1216D438-63A6-3816-9BD7-8B3DC7C72C6E} = {1216D438-63A6-3816-9BD7-8B3DC7C72C6E}
		{C6760795-C5E5-35E4-B9D1-59892273A99A} = {C6760795-C5E5-35E4-B9D1-59892273A99A}
		{C16A7FD4-A7DF-3A79-A7DB-46A5CE3F3714} = {C16A7FD4-A7DF-3A79-A7DB-46A5CE3F3714}
		{0B9FF871-F152-3B64-9215-2E7DD31A3F7A} = {0B9FF871-F152-3B64-9215-2E7DD31A3F7A}
		{5F0075D5-1723-3515-B748-6A95294F2F90} = {5F0075D5-1723-3515-B748-6A95294F2F90}
		{D4749EE7-076C-3C0C-AC01-19F1102FD059} = {D4749EE7-076C-3C0C-AC01-19F1102FD059}
		{E812BB17-85E8-347D-A696-9B0F3B95E67D} = {E812BB17-85E8-347D-A696-9B0F3B95E67D}
		{FD044539-175F-3EC2-813C-C6498A3F01B6} = {FD044539-175F-3EC2-813C-C6498A3F01B6}
		{4FABE6E0-6264-38E1-BD00-3A6BB5794B08} = {4FABE6E0-6264-38E1-BD00-3A6BB5794B08}
	EndProjectSection
EndProject
Project("{8BC9CEB8-8B4A-11D0-8D11-00A0C91BC942}") = "xmrig-asm", "xmrig-asm.vcxproj", "{4FABE6E0-6264-38E1-BD00-3A6BB5794B08}"
	ProjectSection(ProjectDependencies) = postProject
		{202ABDA0-638A-301B-962F-ACD482489EE2} = {202ABDA0-638A-301B-962F-ACD482489EE2}
	EndProjectSection
EndProject
Global
	GlobalSection(SolutionConfigurationPlatforms) = preSolution
		Debug|x64 = Debug|x64
		Release|x64 = Release|x64
		MinSizeRel|x64 = MinSizeRel|x64
		RelWithDebInfo|x64 = RelWithDebInfo|x64
	EndGlobalSection
	GlobalSection(ProjectConfigurationPlatforms) = postSolution
		{19BE1E0A-EEA2-32D3-A606-DD94C5E82FDB}.Debug|x64.ActiveCfg = Debug|x64
		{19BE1E0A-EEA2-32D3-A606-DD94C5E82FDB}.Release|x64.ActiveCfg = Release|x64
		{19BE1E0A-EEA2-32D3-A606-DD94C5E82FDB}.MinSizeRel|x64.ActiveCfg = MinSizeRel|x64
		{19BE1E0A-EEA2-32D3-A606-DD94C5E82FDB}.RelWithDebInfo|x64.ActiveCfg = RelWithDebInfo|x64
		{202ABDA0-638A-301B-962F-ACD482489EE2}.Debug|x64.ActiveCfg = Debug|x64
		{202ABDA0-638A-301B-962F-ACD482489EE2}.Debug|x64.Build.0 = Debug|x64
		{202ABDA0-638A-301B-962F-ACD482489EE2}.Release|x64.ActiveCfg = Release|x64
		{202ABDA0-638A-301B-962F-ACD482489EE2}.Release|x64.Build.0 = Release|x64
		{202ABDA0-638A-301B-962F-ACD482489EE2}.MinSizeRel|x64.ActiveCfg = MinSizeRel|x64
		{202ABDA0-638A-301B-962F-ACD482489EE2}.MinSizeRel|x64.Build.0 = MinSizeRel|x64
		{202ABDA0-638A-301B-962F-ACD482489EE2}.RelWithDebInfo|x64.ActiveCfg = RelWithDebInfo|x64
		{202ABDA0-638A-301B-962F-ACD482489EE2}.RelWithDebInfo|x64.Build.0 = RelWithDebInfo|x64
		{A6D87615-47D9-3568-B911-0C1CF2BD5574}.Debug|x64.ActiveCfg = Debug|x64
		{A6D87615-47D9-3568-B911-0C1CF2BD5574}.Debug|x64.Build.0 = Debug|x64
		{A6D87615-47D9-3568-B911-0C1CF2BD5574}.Release|x64.ActiveCfg = Release|x64
		{A6D87615-47D9-3568-B911-0C1CF2BD5574}.Release|x64.Build.0 = Release|x64
		{A6D87615-47D9-3568-B911-0C1CF2BD5574}.MinSizeRel|x64.ActiveCfg = MinSizeRel|x64
		{A6D87615-47D9-3568-B911-0C1CF2BD5574}.MinSizeRel|x64.Build.0 = MinSizeRel|x64
		{A6D87615-47D9-3568-B911-0C1CF2BD5574}.RelWithDebInfo|x64.ActiveCfg = RelWithDebInfo|x64
		{A6D87615-47D9-3568-B911-0C1CF2BD5574}.RelWithDebInfo|x64.Build.0 = RelWithDebInfo|x64
		{1216D438-63A6-3816-9BD7-8B3DC7C72C6E}.Debug|x64.ActiveCfg = Debug|x64
		{1216D438-63A6-3816-9BD7-8B3DC7C72C6E}.Debug|x64.Build.0 = Debug|x64
		{1216D438-63A6-3816-9BD7-8B3DC7C72C6E}.Release|x64.ActiveCfg = Release|x64
		{1216D438-63A6-3816-9BD7-8B3DC7C72C6E}.Release|x64.Build.0 = Release|x64
		{1216D438-63A6-3816-9BD7-8B3DC7C72C6E}.MinSizeRel|x64.ActiveCfg = MinSizeRel|x64
		{1216D438-63A6-3816-9BD7-8B3DC7C72C6E}.MinSizeRel|x64.Build.0 = MinSizeRel|x64
		{1216D438-63A6-3816-9BD7-8B3DC7C72C6E}.RelWithDebInfo|x64.ActiveCfg = RelWithDebInfo|x64
		{1216D438-63A6-3816-9BD7-8B3DC7C72C6E}.RelWithDebInfo|x64.Build.0 = RelWithDebInfo|x64
		{C6760795-C5E5-35E4-B9D1-59892273A99A}.Debug|x64.ActiveCfg = Debug|x64
		{C6760795-C5E5-35E4-B9D1-59892273A99A}.Debug|x64.Build.0 = Debug|x64
		{C6760795-C5E5-35E4-B9D1-59892273A99A}.Release|x64.ActiveCfg = Release|x64
		{C6760795-C5E5-35E4-B9D1-59892273A99A}.Release|x64.Build.0 = Release|x64
		{C6760795-C5E5-35E4-B9D1-59892273A99A}.MinSizeRel|x64.ActiveCfg = MinSizeRel|x64
		{C6760795-C5E5-35E4-B9D1-59892273A99A}.MinSizeRel|x64.Build.0 = MinSizeRel|x64
		{C6760795-C5E5-35E4-B9D1-59892273A99A}.RelWithDebInfo|x64.ActiveCfg = RelWithDebInfo|x64
		{C6760795-C5E5-35E4-B9D1-59892273A99A}.RelWithDebInfo|x64.Build.0 = RelWithDebInfo|x64
		{C16A7FD4-A7DF-3A79-A7DB-46A5CE3F3714}.Debug|x64.ActiveCfg = Debug|x64
		{C16A7FD4-A7DF-3A79-A7DB-46A5CE3F3714}.Debug|x64.Build.0 = Debug|x64
		{C16A7FD4-A7DF-3A79-A7DB-46A5CE3F3714}.Release|x64.ActiveCfg = Release|x64
		{C16A7FD4-A7DF-3A79-A7DB-46A5CE3F3714}.Release|x64.Build.0 = Release|x64
		{C16A7FD4-A7DF-3A79-A7DB-46A5CE3F3714}.MinSizeRel|x64.ActiveCfg = MinSizeRel|x64
		{C16A7FD4-A7DF-3A79-A7DB-46A5CE3F3714}.MinSizeRel|x64.Build.0 = MinSizeRel|x64
		{C16A7FD4-A7DF-3A79-A7DB-46A5CE3F3714}.RelWithDebInfo|x64.ActiveCfg = RelWithDebInfo|x64
		{C16A7FD4-A7DF-3A79-A7DB-46A5CE3F3714}.RelWithDebInfo|x64.Build.0 = RelWithDebInfo|x64
		{0B9FF871-F152-3B64-9215-2E7DD31A3F7A}.Debug|x64.ActiveCfg = Debug|x64
		{0B9FF871-F152-3B64-9215-2E7DD31A3F7A}.Debug|x64.Build.0 = Debug|x64
		{0B9FF871-F152-3B64-9215-2E7DD31A3F7A}.Release|x64.ActiveCfg = Release|x64
		{0B9FF871-F152-3B64-9215-2E7DD31A3F7A}.Release|x64.Build.0 = Release|x64
		{0B9FF871-F152-3B64-9215-2E7DD31A3F7A}.MinSizeRel|x64.ActiveCfg = MinSizeRel|x64
		{0B9FF871-F152-3B64-9215-2E7DD31A3F7A}.MinSizeRel|x64.Build.0 = MinSizeRel|x64
		{0B9FF871-F152-3B64-9215-2E7DD31A3F7A}.RelWithDebInfo|x64.ActiveCfg = RelWithDebInfo|x64
		{0B9FF871-F152-3B64-9215-2E7DD31A3F7A}.RelWithDebInfo|x64.Build.0 = RelWithDebInfo|x64
		{5F0075D5-1723-3515-B748-6A95294F2F90}.Debug|x64.ActiveCfg = Debug|x64
		{5F0075D5-1723-3515-B748-6A95294F2F90}.Debug|x64.Build.0 = Debug|x64
		{5F0075D5-1723-3515-B748-6A95294F2F90}.Release|x64.ActiveCfg = Release|x64
		{5F0075D5-1723-3515-B748-6A95294F2F90}.Release|x64.Build.0 = Release|x64
		{5F0075D5-1723-3515-B748-6A95294F2F90}.MinSizeRel|x64.ActiveCfg = MinSizeRel|x64
		{5F0075D5-1723-3515-B748-6A95294F2F90}.MinSizeRel|x64.Build.0 = MinSizeRel|x64
		{5F0075D5-1723-3515-B748-6A95294F2F90}.RelWithDebInfo|x64.ActiveCfg = RelWithDebInfo|x64
		{5F0075D5-1723-3515-B748-6A95294F2F90}.RelWithDebInfo|x64.Build.0 = RelWithDebInfo|x64
		{D4749EE7-076C-3C0C-AC01-19F1102FD059}.Debug|x64.ActiveCfg = Debug|x64
		{D4749EE7-076C-3C0C-AC01-19F1102FD059}.Debug|x64.Build.0 = Debug|x64
		{D4749EE7-076C-3C0C-AC01-19F1102FD059}.Release|x64.ActiveCfg = Release|x64
		{D4749EE7-076C-3C0C-AC01-19F1102FD059}.Release|x64.Build.0 = Release|x64
		{D4749EE7-076C-3C0C-AC01-19F1102FD059}.MinSizeRel|x64.ActiveCfg = MinSizeRel|x64
		{D4749EE7-076C-3C0C-AC01-19F1102FD059}.MinSizeRel|x64.Build.0 = MinSizeRel|x64
		{D4749EE7-076C-3C0C-AC01-19F1102FD059}.RelWithDebInfo|x64.ActiveCfg = RelWithDebInfo|x64
		{D4749EE7-076C-3C0C-AC01-19F1102FD059}.RelWithDebInfo|x64.Build.0 = RelWithDebInfo|x64
		{E812BB17-85E8-347D-A696-9B0F3B95E67D}.Debug|x64.ActiveCfg = Debug|x64
		{E812BB17-85E8-347D-A696-9B0F3B95E67D}.Debug|x64.Build.0 = Debug|x64
		{E812BB17-85E8-347D-A696-9B0F3B95E67D}.Release|x64.ActiveCfg = Release|x64
		{E812BB17-85E8-347D-A696-9B0F3B95E67D}.Release|x64.Build.0 = Release|x64
		{E812BB17-85E8-347D-A696-9B0F3B95E67D}.MinSizeRel|x64.ActiveCfg = MinSizeRel|x64
		{E812BB17-85E8-347D-A696-9B0F3B95E67D}.MinSizeRel|x64.Build.0 = MinSizeRel|x64
		{E812BB17-85E8-347D-A696-9B0F3B95E67D}.RelWithDebInfo|x64.ActiveCfg = RelWithDebInfo|x64
		{E812BB17-85E8-347D-A696-9B0F3B95E67D}.RelWithDebInfo|x64.Build.0 = RelWithDebInfo|x64
		{FD044539-175F-3EC2-813C-C6498A3F01B6}.Debug|x64.ActiveCfg = Debug|x64
		{FD044539-175F-3EC2-813C-C6498A3F01B6}.Debug|x64.Build.0 = Debug|x64
		{FD044539-175F-3EC2-813C-C6498A3F01B6}.Release|x64.ActiveCfg = Release|x64
		{FD044539-175F-3EC2-813C-C6498A3F01B6}.Release|x64.Build.0 = Release|x64
		{FD044539-175F-3EC2-813C-C6498A3F01B6}.MinSizeRel|x64.ActiveCfg = MinSizeRel|x64
		{FD044539-175F-3EC2-813C-C6498A3F01B6}.MinSizeRel|x64.Build.0 = MinSizeRel|x64
		{FD044539-175F-3EC2-813C-C6498A3F01B6}.RelWithDebInfo|x64.ActiveCfg = RelWithDebInfo|x64
		{FD044539-175F-3EC2-813C-C6498A3F01B6}.RelWithDebInfo|x64.Build.0 = RelWithDebInfo|x64
		{DAB958C4-843D-3ED8-8520-41F8168DCEC9}.Debug|x64.ActiveCfg = Debug|x64
		{DAB958C4-843D-3ED8-8520-41F8168DCEC9}.Debug|x64.Build.0 = Debug|x64
		{DAB958C4-843D-3ED8-8520-41F8168DCEC9}.Release|x64.ActiveCfg = Release|x64
		{DAB958C4-843D-3ED8-8520-41F8168DCEC9}.Release|x64.Build.0 = Release|x64
		{DAB958C4-843D-3ED8-8520-41F8168DCEC9}.MinSizeRel|x64.ActiveCfg = MinSizeRel|x64
		{DAB958C4-843D-3ED8-8520-41F8168DCEC9}.MinSizeRel|x64.Build.0 = MinSizeRel|x64
		{DAB958C4-843D-3ED8-8520-41F8168DCEC9}.RelWithDebInfo|x64.ActiveCfg = RelWithDebInfo|x64
		{DAB958C4-843D-3ED8-8520-41F8168DCEC9}.RelWithDebInfo|x64.Build.0 = RelWithDebInfo|x64
		{4FABE6E0-6264-38E1-BD00-3A6BB5794B08}.Debug|x64.ActiveCfg = Debug|x64
		{4FABE6E0-6264-38E1-BD00-3A6BB5794B08}.Debug|x64.Build.0 = Debug|x64
		{4FABE6E0-6264-38E1-BD00-3A6BB5794B08}.Release|x64.ActiveCfg = Release|x64
		{4FABE6E0-6264-38E1-BD00-3A6BB5794B08}.Release|x64.Build.0 = Release|x64
		{4FABE6E0-6264-38E1-BD00-3A6BB5794B08}.MinSizeRel|x64.ActiveCfg = MinSizeRel|x64
		{4FABE6E0-6264-38E1-BD00-3A6BB5794B08}.MinSizeRel|x64.Build.0 = MinSizeRel|x64
		{4FABE6E0-6264-38E1-BD00-3A6BB5794B08}.RelWithDebInfo|x64.ActiveCfg = RelWithDebInfo|x64
		{4FABE6E0-6264-38E1-BD00-3A6BB5794B08}.RelWithDebInfo|x64.Build.0 = RelWithDebInfo|x64
	EndGlobalSection
	GlobalSection(ExtensibilityGlobals) = postSolution
		SolutionGuid = {91E3D642-2965-3A99-937A-FDDE2134ACE7}
	EndGlobalSection
	GlobalSection(ExtensibilityAddIns) = postSolution
	EndGlobalSection
EndGlobal
